
Microsoft Visual Studio Solution File, Format Version 12.00
# Visual Studio Version 17
VisualStudioVersion = 17.14.36414.22 d17.14
MinimumVisualStudioVersion = 10.0.40219.1
Project("{FAE04EC0-301F-11D3-BF4B-00C04F79EFBC}") = "Weather Monitoring API", "Weather Monitoring API\Weather Monitoring API.csproj", "{92F6C350-B21E-41BF-8877-7EC2E9275763}"
EndProject
Project("{FAE04EC0-301F-11D3-BF4B-00C04F79EFBC}") = "DAL", "DAL\DAL.csproj", "{3777790B-E631-4FC8-9A00-C5A305B9A035}"
EndProject
Project("{FAE04EC0-301F-11D3-BF4B-00C04F79EFBC}") = "BLL", "BLL\BLL.csproj", "{94E25A43-4466-4799-831B-1CF2B675A848}"
EndProject
Global
	GlobalSection(SolutionConfigurationPlatforms) = preSolution
		Debug|Any CPU = Debug|Any CPU
		Release|Any CPU = Release|Any CPU
	EndGlobalSection
	GlobalSection(ProjectConfigurationPlatforms) = postSolution
		{92F6C350-B21E-41BF-8877-7EC2E9275763}.Debug|Any CPU.ActiveCfg = Debug|Any CPU
		{92F6C350-B21E-41BF-8877-7EC2E9275763}.Debug|Any CPU.Build.0 = Debug|Any CPU
		{92F6C350-B21E-41BF-8877-7EC2E9275763}.Release|Any CPU.ActiveCfg = Release|Any CPU
		{92F6C350-B21E-41BF-8877-7EC2E9275763}.Release|Any CPU.Build.0 = Release|Any CPU
		{3777790B-E631-4FC8-9A00-C5A305B9A035}.Debug|Any CPU.ActiveCfg = Debug|Any CPU
		{3777790B-E631-4FC8-9A00-C5A305B9A035}.Debug|Any CPU.Build.0 = Debug|Any CPU
		{3777790B-E631-4FC8-9A00-C5A305B9A035}.Release|Any CPU.ActiveCfg = Release|Any CPU
		{3777790B-E631-4FC8-9A00-C5A305B9A035}.Release|Any CPU.Build.0 = Release|Any CPU
		{94E25A43-4466-4799-831B-1CF2B675A848}.Debug|Any CPU.ActiveCfg = Debug|Any CPU
		{94E25A43-4466-4799-831B-1CF2B675A848}.Debug|Any CPU.Build.0 = Debug|Any CPU
		{94E25A43-4466-4799-831B-1CF2B675A848}.Release|Any CPU.ActiveCfg = Release|Any CPU
		{94E25A43-4466-4799-831B-1CF2B675A848}.Release|Any CPU.Build.0 = Release|Any CPU
	EndGlobalSection
	GlobalSection(SolutionProperties) = preSolution
		HideSolutionNode = FALSE
	EndGlobalSection
	GlobalSection(ExtensibilityGlobals) = postSolution
		SolutionGuid = {2FA5E2C1-1912-47DC-BF59-ACBE19D3FDE8}
	EndGlobalSection
EndGlobal
